
Microsoft Visual Studio Solution File, Format Version 12.00
# Visual Studio 15
VisualStudioVersion = 15.0.27703.2035
MinimumVisualStudioVersion = 10.0.40219.1
Project("{FAE04EC0-301F-11D3-BF4B-00C04F79EFBC}") = "CSVerialize", "CSVerialize.csproj", "{47452E9B-E6D2-44B2-BEB6-C7DAA3A406AE}"
EndProject
Project("{FAE04EC0-301F-11D3-BF4B-00C04F79EFBC}") = "Tester", "..\Tester\Tester.csproj", "{2AEE9E61-8AF2-46EA-85BE-59CE96836FCF}"
EndProject
Global
	GlobalSection(SolutionConfigurationPlatforms) = preSolution
		Debug|Any CPU = Debug|Any CPU
		Release|Any CPU = Release|Any CPU
	EndGlobalSection
	GlobalSection(ProjectConfigurationPlatforms) = postSolution
		{47452E9B-E6D2-44B2-BEB6-C7DAA3A406AE}.Debug|Any CPU.ActiveCfg = Debug|Any CPU
		{47452E9B-E6D2-44B2-BEB6-C7DAA3A406AE}.Debug|Any CPU.Build.0 = Debug|Any CPU
		{47452E9B-E6D2-44B2-BEB6-C7DAA3A406AE}.Release|Any CPU.ActiveCfg = Release|Any CPU
		{47452E9B-E6D2-44B2-BEB6-C7DAA3A406AE}.Release|Any CPU.Build.0 = Release|Any CPU
		{2AEE9E61-8AF2-46EA-85BE-59CE96836FCF}.Debug|Any CPU.ActiveCfg = Debug|Any CPU
		{2AEE9E61-8AF2-46EA-85BE-59CE96836FCF}.Debug|Any CPU.Build.0 = Debug|Any CPU
		{2AEE9E61-8AF2-46EA-85BE-59CE96836FCF}.Release|Any CPU.ActiveCfg = Release|Any CPU
		{2AEE9E61-8AF2-46EA-85BE-59CE96836FCF}.Release|Any CPU.Build.0 = Release|Any CPU
	EndGlobalSection
	GlobalSection(SolutionProperties) = preSolution
		HideSolutionNode = FALSE
	EndGlobalSection
	GlobalSection(ExtensibilityGlobals) = postSolution
		SolutionGuid = {F65FB39A-64B0-4A2D-89EB-B9F1F997DFF5}
	EndGlobalSection
EndGlobal
